// !$*UTF8*$!
{
	archiveVersion = 1;
	classes = {
	};
	objectVersion = 56;
	objects = {

/* Begin PBXBuildFile section */
		7B103CC82992438B00C75AED /* EcranGeolocalisation.swift in Sources */ = {isa = PBXBuildFile; fileRef = 7B103CC72992438B00C75AED /* EcranGeolocalisation.swift */; };
		7B103CCA299244C800C75AED /* EcranGeoDisplayOffre (1).swift in Sources */ = {isa = PBXBuildFile; fileRef = 7B103CC9299244C800C75AED /* EcranGeoDisplayOffre (1).swift */; };
		7B103CCC299244D100C75AED /* EcranListAssociations.swift in Sources */ = {isa = PBXBuildFile; fileRef = 7B103CCB299244D100C75AED /* EcranListAssociations.swift */; };
		7B103CCE2992455900C75AED /* EcranProfilAssociation (1).swift in Sources */ = {isa = PBXBuildFile; fileRef = 7B103CCD2992455900C75AED /* EcranProfilAssociation (1).swift */; };
		7B52FBFE298D478F006F4A18 /* DropDownMenuOption.swift in Sources */ = {isa = PBXBuildFile; fileRef = 7B52FBF9298D478F006F4A18 /* DropDownMenuOption.swift */; };
		7B52FC00298D478F006F4A18 /* EcranDon.swift in Sources */ = {isa = PBXBuildFile; fileRef = 7B52FBFC298D478F006F4A18 /* EcranDon.swift */; };
		7B52FC01298D478F006F4A18 /* EcranModificationProfil.swift in Sources */ = {isa = PBXBuildFile; fileRef = 7B52FBFD298D478F006F4A18 /* EcranModificationProfil.swift */; };
		7B52FC03298D478F006F4A18 /* FourTextField.swift in Sources */ = {isa = PBXBuildFile; fileRef = 7B52FBF5298D478F006F4A18 /* FourTextField.swift */; };
		7B52FC04298D478F006F4A18 /* EcranProfilUtilisateur.swift in Sources */ = {isa = PBXBuildFile; fileRef = 7B52FBF4298D478E006F4A18 /* EcranProfilUtilisateur.swift */; };
		7B52FC05298D478F006F4A18 /* DropDownMenu.swift in Sources */ = {isa = PBXBuildFile; fileRef = 7B52FBFA298D478F006F4A18 /* DropDownMenu.swift */; };
		7B52FC06298D478F006F4A18 /* CounterView.swift in Sources */ = {isa = PBXBuildFile; fileRef = 7B52FBFB298D478F006F4A18 /* CounterView.swift */; };
		7B52FC07298D478F006F4A18 /* EcranDetailProfilElement.swift in Sources */ = {isa = PBXBuildFile; fileRef = 7B52FBF8298D478F006F4A18 /* EcranDetailProfilElement.swift */; };
		7B52FC08298D478F006F4A18 /* DropDownMenuListRow.swift in Sources */ = {isa = PBXBuildFile; fileRef = 7B52FBF7298D478F006F4A18 /* DropDownMenuListRow.swift */; };
		7B52FC10298D47A7006F4A18 /* EcranProfilAssociation.swift in Sources */ = {isa = PBXBuildFile; fileRef = 7B52FC0F298D47A7006F4A18 /* EcranProfilAssociation.swift */; };
		7B52FC16298D4862006F4A18 /* BoutonJeDeviensBenevole.swift in Sources */ = {isa = PBXBuildFile; fileRef = 7B52FC13298D4862006F4A18 /* BoutonJeDeviensBenevole.swift */; };
		7B52FC17298D4862006F4A18 /* EcranDetailPostuler.swift in Sources */ = {isa = PBXBuildFile; fileRef = 7B52FC14298D4862006F4A18 /* EcranDetailPostuler.swift */; };
		7B52FC18298D4862006F4A18 /* BoutonVoirAssociation.swift in Sources */ = {isa = PBXBuildFile; fileRef = 7B52FC15298D4862006F4A18 /* BoutonVoirAssociation.swift */; };
		7B52FC1A298D48B4006F4A18 /* DropDownMenuList.swift in Sources */ = {isa = PBXBuildFile; fileRef = 7B52FC19298D48B4006F4A18 /* DropDownMenuList.swift */; };
		7B52FC1C298D4E4F006F4A18 /* TabViewAso.swift in Sources */ = {isa = PBXBuildFile; fileRef = 7B52FC1B298D4E4F006F4A18 /* TabViewAso.swift */; };
		7B52FC1F298D598C006F4A18 /* ChargementPage.swift in Sources */ = {isa = PBXBuildFile; fileRef = 7B52FC1D298D598C006F4A18 /* ChargementPage.swift */; };
		7B52FC24298D5A45006F4A18 /* EcranInscriptionConnexion.swift in Sources */ = {isa = PBXBuildFile; fileRef = 7B52FC23298D5A45006F4A18 /* EcranInscriptionConnexion.swift */; };
		7B52FC26298D8D36006F4A18 /* EcranOffresButton.swift in Sources */ = {isa = PBXBuildFile; fileRef = 7B52FC25298D8D36006F4A18 /* EcranOffresButton.swift */; };
		7B52FC2A298DAFB3006F4A18 /* RechercheBar.swift in Sources */ = {isa = PBXBuildFile; fileRef = 7B52FC29298DAFB3006F4A18 /* RechercheBar.swift */; };
		7B52FC2C298DB52C006F4A18 /* ButtonDon.swift in Sources */ = {isa = PBXBuildFile; fileRef = 7B52FC2B298DB52C006F4A18 /* ButtonDon.swift */; };
		7B52FC34298EC85A006F4A18 /* EcranListAssociationOffres.swift in Sources */ = {isa = PBXBuildFile; fileRef = 7B52FC33298EC85A006F4A18 /* EcranListAssociationOffres.swift */; };
		7B52FCAC2990F5FA006F4A18 /* Header.swift in Sources */ = {isa = PBXBuildFile; fileRef = 7B52FCAB2990F5FA006F4A18 /* Header.swift */; };
		7BEFAD6B298D441C006A38D5 /* AFP_ASO_SolidaireApp.swift in Sources */ = {isa = PBXBuildFile; fileRef = 7BEFAD6A298D441C006A38D5 /* AFP_ASO_SolidaireApp.swift */; };
		7BEFAD6D298D441C006A38D5 /* EcranOffres.swift in Sources */ = {isa = PBXBuildFile; fileRef = 7BEFAD6C298D441C006A38D5 /* EcranOffres.swift */; };
		7BEFAD6F298D441D006A38D5 /* Assets.xcassets in Resources */ = {isa = PBXBuildFile; fileRef = 7BEFAD6E298D441D006A38D5 /* Assets.xcassets */; };
		7BEFAD72298D441D006A38D5 /* Preview Assets.xcassets in Resources */ = {isa = PBXBuildFile; fileRef = 7BEFAD71298D441D006A38D5 /* Preview Assets.xcassets */; };
/* End PBXBuildFile section */

/* Begin PBXFileReference section */
		7B103CC72992438B00C75AED /* EcranGeolocalisation.swift */ = {isa = PBXFileReference; fileEncoding = 4; lastKnownFileType = sourcecode.swift; path = EcranGeolocalisation.swift; sourceTree = "<group>"; };
		7B103CC9299244C800C75AED /* EcranGeoDisplayOffre (1).swift */ = {isa = PBXFileReference; fileEncoding = 4; lastKnownFileType = sourcecode.swift; path = "EcranGeoDisplayOffre (1).swift"; sourceTree = "<group>"; };
		7B103CCB299244D100C75AED /* EcranListAssociations.swift */ = {isa = PBXFileReference; fileEncoding = 4; lastKnownFileType = sourcecode.swift; path = EcranListAssociations.swift; sourceTree = "<group>"; };
		7B103CCD2992455900C75AED /* EcranProfilAssociation (1).swift */ = {isa = PBXFileReference; fileEncoding = 4; lastKnownFileType = sourcecode.swift; path = "EcranProfilAssociation (1).swift"; sourceTree = "<group>"; };
		7B52FBF4298D478E006F4A18 /* EcranProfilUtilisateur.swift */ = {isa = PBXFileReference; lastKnownFileType = sourcecode.swift; path = EcranProfilUtilisateur.swift; sourceTree = "<group>"; };
		7B52FBF5298D478F006F4A18 /* FourTextField.swift */ = {isa = PBXFileReference; lastKnownFileType = sourcecode.swift; path = FourTextField.swift; sourceTree = "<group>"; };
		7B52FBF7298D478F006F4A18 /* DropDownMenuListRow.swift */ = {isa = PBXFileReference; lastKnownFileType = sourcecode.swift; path = DropDownMenuListRow.swift; sourceTree = "<group>"; };
		7B52FBF8298D478F006F4A18 /* EcranDetailProfilElement.swift */ = {isa = PBXFileReference; lastKnownFileType = sourcecode.swift; path = EcranDetailProfilElement.swift; sourceTree = "<group>"; };
		7B52FBF9298D478F006F4A18 /* DropDownMenuOption.swift */ = {isa = PBXFileReference; lastKnownFileType = sourcecode.swift; path = DropDownMenuOption.swift; sourceTree = "<group>"; };
		7B52FBFA298D478F006F4A18 /* DropDownMenu.swift */ = {isa = PBXFileReference; lastKnownFileType = sourcecode.swift; path = DropDownMenu.swift; sourceTree = "<group>"; };
		7B52FBFB298D478F006F4A18 /* CounterView.swift */ = {isa = PBXFileReference; lastKnownFileType = sourcecode.swift; path = CounterView.swift; sourceTree = "<group>"; };
		7B52FBFC298D478F006F4A18 /* EcranDon.swift */ = {isa = PBXFileReference; lastKnownFileType = sourcecode.swift; path = EcranDon.swift; sourceTree = "<group>"; };
		7B52FBFD298D478F006F4A18 /* EcranModificationProfil.swift */ = {isa = PBXFileReference; lastKnownFileType = sourcecode.swift; path = EcranModificationProfil.swift; sourceTree = "<group>"; };
		7B52FC0F298D47A7006F4A18 /* EcranProfilAssociation.swift */ = {isa = PBXFileReference; lastKnownFileType = sourcecode.swift; path = EcranProfilAssociation.swift; sourceTree = "<group>"; };
		7B52FC13298D4862006F4A18 /* BoutonJeDeviensBenevole.swift */ = {isa = PBXFileReference; fileEncoding = 4; lastKnownFileType = sourcecode.swift; path = BoutonJeDeviensBenevole.swift; sourceTree = "<group>"; };
		7B52FC14298D4862006F4A18 /* EcranDetailPostuler.swift */ = {isa = PBXFileReference; fileEncoding = 4; lastKnownFileType = sourcecode.swift; path = EcranDetailPostuler.swift; sourceTree = "<group>"; };
		7B52FC15298D4862006F4A18 /* BoutonVoirAssociation.swift */ = {isa = PBXFileReference; fileEncoding = 4; lastKnownFileType = sourcecode.swift; path = BoutonVoirAssociation.swift; sourceTree = "<group>"; };
		7B52FC19298D48B4006F4A18 /* DropDownMenuList.swift */ = {isa = PBXFileReference; fileEncoding = 4; lastKnownFileType = sourcecode.swift; name = DropDownMenuList.swift; path = ../../../Aso.Afp/Aso.Afp/CodeKevin/DropDownMenuList.swift; sourceTree = "<group>"; };
		7B52FC1B298D4E4F006F4A18 /* TabViewAso.swift */ = {isa = PBXFileReference; fileEncoding = 4; lastKnownFileType = sourcecode.swift; path = TabViewAso.swift; sourceTree = "<group>"; };
		7B52FC1D298D598C006F4A18 /* ChargementPage.swift */ = {isa = PBXFileReference; fileEncoding = 4; lastKnownFileType = sourcecode.swift; path = ChargementPage.swift; sourceTree = "<group>"; };
		7B52FC23298D5A45006F4A18 /* EcranInscriptionConnexion.swift */ = {isa = PBXFileReference; fileEncoding = 4; lastKnownFileType = sourcecode.swift; path = EcranInscriptionConnexion.swift; sourceTree = "<group>"; };
		7B52FC25298D8D36006F4A18 /* EcranOffresButton.swift */ = {isa = PBXFileReference; lastKnownFileType = sourcecode.swift; path = EcranOffresButton.swift; sourceTree = "<group>"; };
		7B52FC29298DAFB3006F4A18 /* RechercheBar.swift */ = {isa = PBXFileReference; lastKnownFileType = sourcecode.swift; path = RechercheBar.swift; sourceTree = "<group>"; };
		7B52FC2B298DB52C006F4A18 /* ButtonDon.swift */ = {isa = PBXFileReference; lastKnownFileType = sourcecode.swift; path = ButtonDon.swift; sourceTree = "<group>"; };
		7B52FC33298EC85A006F4A18 /* EcranListAssociationOffres.swift */ = {isa = PBXFileReference; lastKnownFileType = sourcecode.swift; path = EcranListAssociationOffres.swift; sourceTree = "<group>"; };
		7B52FCAB2990F5FA006F4A18 /* Header.swift */ = {isa = PBXFileReference; lastKnownFileType = sourcecode.swift; path = Header.swift; sourceTree = "<group>"; };
		7BEFAD67298D441C006A38D5 /* AFP_ASO_Solidaire.app */ = {isa = PBXFileReference; explicitFileType = wrapper.application; includeInIndex = 0; path = AFP_ASO_Solidaire.app; sourceTree = BUILT_PRODUCTS_DIR; };
		7BEFAD6A298D441C006A38D5 /* AFP_ASO_SolidaireApp.swift */ = {isa = PBXFileReference; lastKnownFileType = sourcecode.swift; path = AFP_ASO_SolidaireApp.swift; sourceTree = "<group>"; };
		7BEFAD6C298D441C006A38D5 /* EcranOffres.swift */ = {isa = PBXFileReference; lastKnownFileType = sourcecode.swift; path = EcranOffres.swift; sourceTree = "<group>"; };
		7BEFAD6E298D441D006A38D5 /* Assets.xcassets */ = {isa = PBXFileReference; lastKnownFileType = folder.assetcatalog; path = Assets.xcassets; sourceTree = "<group>"; };
		7BEFAD71298D441D006A38D5 /* Preview Assets.xcassets */ = {isa = PBXFileReference; lastKnownFileType = folder.assetcatalog; path = "Preview Assets.xcassets"; sourceTree = "<group>"; };
/* End PBXFileReference section */

/* Begin PBXFrameworksBuildPhase section */
		7BEFAD64298D441C006A38D5 /* Frameworks */ = {
			isa = PBXFrameworksBuildPhase;
			buildActionMask = 2147483647;
			files = (
			);
			runOnlyForDeploymentPostprocessing = 0;
		};
/* End PBXFrameworksBuildPhase section */

/* Begin PBXGroup section */
		7BEFAD5E298D441C006A38D5 = {
			isa = PBXGroup;
			children = (
				7BEFAD69298D441C006A38D5 /* AFP_ASO_Solidaire */,
				7BEFAD68298D441C006A38D5 /* Products */,
			);
			sourceTree = "<group>";
		};
		7BEFAD68298D441C006A38D5 /* Products */ = {
			isa = PBXGroup;
			children = (
				7BEFAD67298D441C006A38D5 /* AFP_ASO_Solidaire.app */,
			);
			name = Products;
			sourceTree = "<group>";
		};
		7BEFAD69298D441C006A38D5 /* AFP_ASO_Solidaire */ = {
			isa = PBXGroup;
			children = (
				7B52FC23298D5A45006F4A18 /* EcranInscriptionConnexion.swift */,
				7B52FC1D298D598C006F4A18 /* ChargementPage.swift */,
				7B52FC1B298D4E4F006F4A18 /* TabViewAso.swift */,
				7BEFAD6A298D441C006A38D5 /* AFP_ASO_SolidaireApp.swift */,
				7B52FBFB298D478F006F4A18 /* CounterView.swift */,
				7B52FC19298D48B4006F4A18 /* DropDownMenuList.swift */,
				7B52FBFA298D478F006F4A18 /* DropDownMenu.swift */,
				7B52FBF7298D478F006F4A18 /* DropDownMenuListRow.swift */,
				7B52FBF9298D478F006F4A18 /* DropDownMenuOption.swift */,
				7B52FBF8298D478F006F4A18 /* EcranDetailProfilElement.swift */,
				7B52FBFC298D478F006F4A18 /* EcranDon.swift */,
				7B52FBFD298D478F006F4A18 /* EcranModificationProfil.swift */,
				7BEFAD6C298D441C006A38D5 /* EcranOffres.swift */,
				7B52FC33298EC85A006F4A18 /* EcranListAssociationOffres.swift */,
				7B52FC25298D8D36006F4A18 /* EcranOffresButton.swift */,
				7B52FC2B298DB52C006F4A18 /* ButtonDon.swift */,
				7B52FC29298DAFB3006F4A18 /* RechercheBar.swift */,
				7B52FBF4298D478E006F4A18 /* EcranProfilUtilisateur.swift */,
				7B52FCAB2990F5FA006F4A18 /* Header.swift */,
				7B52FBF5298D478F006F4A18 /* FourTextField.swift */,
				7B52FC0F298D47A7006F4A18 /* EcranProfilAssociation.swift */,
				7B52FC13298D4862006F4A18 /* BoutonJeDeviensBenevole.swift */,
				7B52FC15298D4862006F4A18 /* BoutonVoirAssociation.swift */,
				7B52FC14298D4862006F4A18 /* EcranDetailPostuler.swift */,
				7B103CC72992438B00C75AED /* EcranGeolocalisation.swift */,
				7B103CCB299244D100C75AED /* EcranListAssociations.swift */,
				7B103CC9299244C800C75AED /* EcranGeoDisplayOffre (1).swift */,
				7B103CCD2992455900C75AED /* EcranProfilAssociation (1).swift */,
				7BEFAD6E298D441D006A38D5 /* Assets.xcassets */,
				7BEFAD70298D441D006A38D5 /* Preview Content */,
			);
			path = AFP_ASO_Solidaire;
			sourceTree = "<group>";
		};
		7BEFAD70298D441D006A38D5 /* Preview Content */ = {
			isa = PBXGroup;
			children = (
				7BEFAD71298D441D006A38D5 /* Preview Assets.xcassets */,
			);
			path = "Preview Content";
			sourceTree = "<group>";
		};
/* End PBXGroup section */

/* Begin PBXNativeTarget section */
		7BEFAD66298D441C006A38D5 /* AFP_ASO_Solidaire */ = {
			isa = PBXNativeTarget;
			buildConfigurationList = 7BEFAD75298D441D006A38D5 /* Build configuration list for PBXNativeTarget "AFP_ASO_Solidaire" */;
			buildPhases = (
				7BEFAD63298D441C006A38D5 /* Sources */,
				7BEFAD64298D441C006A38D5 /* Frameworks */,
				7BEFAD65298D441C006A38D5 /* Resources */,
			);
			buildRules = (
			);
			dependencies = (
			);
			name = AFP_ASO_Solidaire;
			productName = AFP_ASO_Solidaire;
			productReference = 7BEFAD67298D441C006A38D5 /* AFP_ASO_Solidaire.app */;
			productType = "com.apple.product-type.application";
		};
/* End PBXNativeTarget section */

/* Begin PBXProject section */
		7BEFAD5F298D441C006A38D5 /* Project object */ = {
			isa = PBXProject;
			attributes = {
				BuildIndependentTargetsInParallel = 1;
				LastSwiftUpdateCheck = 1420;
				LastUpgradeCheck = 1420;
				TargetAttributes = {
					7BEFAD66298D441C006A38D5 = {
						CreatedOnToolsVersion = 14.2;
					};
				};
			};
			buildConfigurationList = 7BEFAD62298D441C006A38D5 /* Build configuration list for PBXProject "AFP_ASO_Solidaire" */;
			compatibilityVersion = "Xcode 14.0";
			developmentRegion = en;
			hasScannedForEncodings = 0;
			knownRegions = (
				en,
				Base,
			);
			mainGroup = 7BEFAD5E298D441C006A38D5;
			productRefGroup = 7BEFAD68298D441C006A38D5 /* Products */;
			projectDirPath = "";
			projectRoot = "";
			targets = (
				7BEFAD66298D441C006A38D5 /* AFP_ASO_Solidaire */,
			);
		};
/* End PBXProject section */

/* Begin PBXResourcesBuildPhase section */
		7BEFAD65298D441C006A38D5 /* Resources */ = {
			isa = PBXResourcesBuildPhase;
			buildActionMask = 2147483647;
			files = (
				7BEFAD72298D441D006A38D5 /* Preview Assets.xcassets in Resources */,
				7BEFAD6F298D441D006A38D5 /* Assets.xcassets in Resources */,
			);
			runOnlyForDeploymentPostprocessing = 0;
		};
/* End PBXResourcesBuildPhase section */

/* Begin PBXSourcesBuildPhase section */
		7BEFAD63298D441C006A38D5 /* Sources */ = {
			isa = PBXSourcesBuildPhase;
			buildActionMask = 2147483647;
			files = (
				7B52FC26298D8D36006F4A18 /* EcranOffresButton.swift in Sources */,
				7B103CCC299244D100C75AED /* EcranListAssociations.swift in Sources */,
				7B103CCA299244C800C75AED /* EcranGeoDisplayOffre (1).swift in Sources */,
				7B52FC10298D47A7006F4A18 /* EcranProfilAssociation.swift in Sources */,
				7B52FC24298D5A45006F4A18 /* EcranInscriptionConnexion.swift in Sources */,
				7B52FC2A298DAFB3006F4A18 /* RechercheBar.swift in Sources */,
				7B103CCE2992455900C75AED /* EcranProfilAssociation (1).swift in Sources */,
				7BEFAD6D298D441C006A38D5 /* EcranOffres.swift in Sources */,
				7B52FC16298D4862006F4A18 /* BoutonJeDeviensBenevole.swift in Sources */,
				7B52FC00298D478F006F4A18 /* EcranDon.swift in Sources */,
				7B52FC1C298D4E4F006F4A18 /* TabViewAso.swift in Sources */,
				7B52FC17298D4862006F4A18 /* EcranDetailPostuler.swift in Sources */,
				7B52FC03298D478F006F4A18 /* FourTextField.swift in Sources */,
				7B52FC08298D478F006F4A18 /* DropDownMenuListRow.swift in Sources */,
				7B52FC04298D478F006F4A18 /* EcranProfilUtilisateur.swift in Sources */,
				7BEFAD6B298D441C006A38D5 /* AFP_ASO_SolidaireApp.swift in Sources */,
				7B52FC06298D478F006F4A18 /* CounterView.swift in Sources */,
				7B52FC18298D4862006F4A18 /* BoutonVoirAssociation.swift in Sources */,
				7B52FC05298D478F006F4A18 /* DropDownMenu.swift in Sources */,
				7B52FCAC2990F5FA006F4A18 /* Header.swift in Sources */,
				7B52FBFE298D478F006F4A18 /* DropDownMenuOption.swift in Sources */,
				7B52FC1F298D598C006F4A18 /* ChargementPage.swift in Sources */,
				7B52FC1A298D48B4006F4A18 /* DropDownMenuList.swift in Sources */,
				7B103CC82992438B00C75AED /* EcranGeolocalisation.swift in Sources */,
				7B52FC2C298DB52C006F4A18 /* ButtonDon.swift in Sources */,
				7B52FC01298D478F006F4A18 /* EcranModificationProfil.swift in Sources */,
				7B52FC34298EC85A006F4A18 /* EcranListAssociationOffres.swift in Sources */,
				7B52FC07298D478F006F4A18 /* EcranDetailProfilElement.swift in Sources */,
			);
			runOnlyForDeploymentPostprocessing = 0;
		};
/* End PBXSourcesBuildPhase section */

/* Begin XCBuildConfiguration section */
		7BEFAD73298D441D006A38D5 /* Debug */ = {
			isa = XCBuildConfiguration;
			buildSettings = {
				ALWAYS_SEARCH_USER_PATHS = NO;
				CLANG_ANALYZER_NONNULL = YES;
				CLANG_ANALYZER_NUMBER_OBJECT_CONVERSION = YES_AGGRESSIVE;
				CLANG_CXX_LANGUAGE_STANDARD = "gnu++20";
				CLANG_ENABLE_MODULES = YES;
				CLANG_ENABLE_OBJC_ARC = YES;
				CLANG_ENABLE_OBJC_WEAK = YES;
				CLANG_WARN_BLOCK_CAPTURE_AUTORELEASING = YES;
				CLANG_WARN_BOOL_CONVERSION = YES;
				CLANG_WARN_COMMA = YES;
				CLANG_WARN_CONSTANT_CONVERSION = YES;
				CLANG_WARN_DEPRECATED_OBJC_IMPLEMENTATIONS = YES;
				CLANG_WARN_DIRECT_OBJC_ISA_USAGE = YES_ERROR;
				CLANG_WARN_DOCUMENTATION_COMMENTS = YES;
				CLANG_WARN_EMPTY_BODY = YES;
				CLANG_WARN_ENUM_CONVERSION = YES;
				CLANG_WARN_INFINITE_RECURSION = YES;
				CLANG_WARN_INT_CONVERSION = YES;
				CLANG_WARN_NON_LITERAL_NULL_CONVERSION = YES;
				CLANG_WARN_OBJC_IMPLICIT_RETAIN_SELF = YES;
				CLANG_WARN_OBJC_LITERAL_CONVERSION = YES;
				CLANG_WARN_OBJC_ROOT_CLASS = YES_ERROR;
				CLANG_WARN_QUOTED_INCLUDE_IN_FRAMEWORK_HEADER = YES;
				CLANG_WARN_RANGE_LOOP_ANALYSIS = YES;
				CLANG_WARN_STRICT_PROTOTYPES = YES;
				CLANG_WARN_SUSPICIOUS_MOVE = YES;
				CLANG_WARN_UNGUARDED_AVAILABILITY = YES_AGGRESSIVE;
				CLANG_WARN_UNREACHABLE_CODE = YES;
				CLANG_WARN__DUPLICATE_METHOD_MATCH = YES;
				COPY_PHASE_STRIP = NO;
				DEBUG_INFORMATION_FORMAT = dwarf;
				ENABLE_STRICT_OBJC_MSGSEND = YES;
				ENABLE_TESTABILITY = YES;
				GCC_C_LANGUAGE_STANDARD = gnu11;
				GCC_DYNAMIC_NO_PIC = NO;
				GCC_NO_COMMON_BLOCKS = YES;
				GCC_OPTIMIZATION_LEVEL = 0;
				GCC_PREPROCESSOR_DEFINITIONS = (
					"DEBUG=1",
					"$(inherited)",
				);
				GCC_WARN_64_TO_32_BIT_CONVERSION = YES;
				GCC_WARN_ABOUT_RETURN_TYPE = YES_ERROR;
				GCC_WARN_UNDECLARED_SELECTOR = YES;
				GCC_WARN_UNINITIALIZED_AUTOS = YES_AGGRESSIVE;
				GCC_WARN_UNUSED_FUNCTION = YES;
				GCC_WARN_UNUSED_VARIABLE = YES;
				IPHONEOS_DEPLOYMENT_TARGET = 16.2;
				MTL_ENABLE_DEBUG_INFO = INCLUDE_SOURCE;
				MTL_FAST_MATH = YES;
				ONLY_ACTIVE_ARCH = YES;
				SDKROOT = iphoneos;
				SWIFT_ACTIVE_COMPILATION_CONDITIONS = DEBUG;
				SWIFT_OPTIMIZATION_LEVEL = "-Onone";
			};
			name = Debug;
		};
		7BEFAD74298D441D006A38D5 /* Release */ = {
			isa = XCBuildConfiguration;
			buildSettings = {
				ALWAYS_SEARCH_USER_PATHS = NO;
				CLANG_ANALYZER_NONNULL = YES;
				CLANG_ANALYZER_NUMBER_OBJECT_CONVERSION = YES_AGGRESSIVE;
				CLANG_CXX_LANGUAGE_STANDARD = "gnu++20";
				CLANG_ENABLE_MODULES = YES;
				CLANG_ENABLE_OBJC_ARC = YES;
				CLANG_ENABLE_OBJC_WEAK = YES;
				CLANG_WARN_BLOCK_CAPTURE_AUTORELEASING = YES;
				CLANG_WARN_BOOL_CONVERSION = YES;
				CLANG_WARN_COMMA = YES;
				CLANG_WARN_CONSTANT_CONVERSION = YES;
				CLANG_WARN_DEPRECATED_OBJC_IMPLEMENTATIONS = YES;
				CLANG_WARN_DIRECT_OBJC_ISA_USAGE = YES_ERROR;
				CLANG_WARN_DOCUMENTATION_COMMENTS = YES;
				CLANG_WARN_EMPTY_BODY = YES;
				CLANG_WARN_ENUM_CONVERSION = YES;
				CLANG_WARN_INFINITE_RECURSION = YES;
				CLANG_WARN_INT_CONVERSION = YES;
				CLANG_WARN_NON_LITERAL_NULL_CONVERSION = YES;
				CLANG_WARN_OBJC_IMPLICIT_RETAIN_SELF = YES;
				CLANG_WARN_OBJC_LITERAL_CONVERSION = YES;
				CLANG_WARN_OBJC_ROOT_CLASS = YES_ERROR;
				CLANG_WARN_QUOTED_INCLUDE_IN_FRAMEWORK_HEADER = YES;
				CLANG_WARN_RANGE_LOOP_ANALYSIS = YES;
				CLANG_WARN_STRICT_PROTOTYPES = YES;
				CLANG_WARN_SUSPICIOUS_MOVE = YES;
				CLANG_WARN_UNGUARDED_AVAILABILITY = YES_AGGRESSIVE;
				CLANG_WARN_UNREACHABLE_CODE = YES;
				CLANG_WARN__DUPLICATE_METHOD_MATCH = YES;
				COPY_PHASE_STRIP = NO;
				DEBUG_INFORMATION_FORMAT = "dwarf-with-dsym";
				ENABLE_NS_ASSERTIONS = NO;
				ENABLE_STRICT_OBJC_MSGSEND = YES;
				GCC_C_LANGUAGE_STANDARD = gnu11;
				GCC_NO_COMMON_BLOCKS = YES;
				GCC_WARN_64_TO_32_BIT_CONVERSION = YES;
				GCC_WARN_ABOUT_RETURN_TYPE = YES_ERROR;
				GCC_WARN_UNDECLARED_SELECTOR = YES;
				GCC_WARN_UNINITIALIZED_AUTOS = YES_AGGRESSIVE;
				GCC_WARN_UNUSED_FUNCTION = YES;
				GCC_WARN_UNUSED_VARIABLE = YES;
				IPHONEOS_DEPLOYMENT_TARGET = 16.2;
				MTL_ENABLE_DEBUG_INFO = NO;
				MTL_FAST_MATH = YES;
				SDKROOT = iphoneos;
				SWIFT_COMPILATION_MODE = wholemodule;
				SWIFT_OPTIMIZATION_LEVEL = "-O";
				VALIDATE_PRODUCT = YES;
			};
			name = Release;
		};
		7BEFAD76298D441D006A38D5 /* Debug */ = {
			isa = XCBuildConfiguration;
			buildSettings = {
				ASSETCATALOG_COMPILER_APPICON_NAME = AppIcon;
				ASSETCATALOG_COMPILER_GLOBAL_ACCENT_COLOR_NAME = AccentColor;
				CODE_SIGN_STYLE = Automatic;
				CURRENT_PROJECT_VERSION = 1;
				DEVELOPMENT_ASSET_PATHS = "\"AFP_ASO_Solidaire/Preview Content\"";
				DEVELOPMENT_TEAM = PV3NG5VVMC;
				ENABLE_PREVIEWS = YES;
				GENERATE_INFOPLIST_FILE = YES;
				INFOPLIST_KEY_UIApplicationSceneManifest_Generation = YES;
				INFOPLIST_KEY_UIApplicationSupportsIndirectInputEvents = YES;
				INFOPLIST_KEY_UILaunchScreen_Generation = YES;
				INFOPLIST_KEY_UISupportedInterfaceOrientations_iPad = "UIInterfaceOrientationPortrait UIInterfaceOrientationPortraitUpsideDown UIInterfaceOrientationLandscapeLeft UIInterfaceOrientationLandscapeRight";
				INFOPLIST_KEY_UISupportedInterfaceOrientations_iPhone = "UIInterfaceOrientationPortrait UIInterfaceOrientationLandscapeLeft UIInterfaceOrientationLandscapeRight";
				LD_RUNPATH_SEARCH_PATHS = (
					"$(inherited)",
					"@executable_path/Frameworks",
				);
				MARKETING_VERSION = 1.0;
				PRODUCT_BUNDLE_IDENTIFIER = "Ke-vin08.AFP-ASO-Solidaire";
				PRODUCT_NAME = "$(TARGET_NAME)";
				SWIFT_EMIT_LOC_STRINGS = YES;
				SWIFT_VERSION = 5.0;
				TARGETED_DEVICE_FAMILY = "1,2";
			};
			name = Debug;
		};
		7BEFAD77298D441D006A38D5 /* Release */ = {
			isa = XCBuildConfiguration;
			buildSettings = {
				ASSETCATALOG_COMPILER_APPICON_NAME = AppIcon;
				ASSETCATALOG_COMPILER_GLOBAL_ACCENT_COLOR_NAME = AccentColor;
				CODE_SIGN_STYLE = Automatic;
				CURRENT_PROJECT_VERSION = 1;
				DEVELOPMENT_ASSET_PATHS = "\"AFP_ASO_Solidaire/Preview Content\"";
				DEVELOPMENT_TEAM = PV3NG5VVMC;
				ENABLE_PREVIEWS = YES;
				GENERATE_INFOPLIST_FILE = YES;
				INFOPLIST_KEY_UIApplicationSceneManifest_Generation = YES;
				INFOPLIST_KEY_UIApplicationSupportsIndirectInputEvents = YES;
				INFOPLIST_KEY_UILaunchScreen_Generation = YES;
				INFOPLIST_KEY_UISupportedInterfaceOrientations_iPad = "UIInterfaceOrientationPortrait UIInterfaceOrientationPortraitUpsideDown UIInterfaceOrientationLandscapeLeft UIInterfaceOrientationLandscapeRight";
				INFOPLIST_KEY_UISupportedInterfaceOrientations_iPhone = "UIInterfaceOrientationPortrait UIInterfaceOrientationLandscapeLeft UIInterfaceOrientationLandscapeRight";
				LD_RUNPATH_SEARCH_PATHS = (
					"$(inherited)",
					"@executable_path/Frameworks",
				);
				MARKETING_VERSION = 1.0;
				PRODUCT_BUNDLE_IDENTIFIER = "Ke-vin08.AFP-ASO-Solidaire";
				PRODUCT_NAME = "$(TARGET_NAME)";
				SWIFT_EMIT_LOC_STRINGS = YES;
				SWIFT_VERSION = 5.0;
				TARGETED_DEVICE_FAMILY = "1,2";
			};
			name = Release;
		};
/* End XCBuildConfiguration section */

/* Begin XCConfigurationList section */
		7BEFAD62298D441C006A38D5 /* Build configuration list for PBXProject "AFP_ASO_Solidaire" */ = {
			isa = XCConfigurationList;
			buildConfigurations = (
				7BEFAD73298D441D006A38D5 /* Debug */,
				7BEFAD74298D441D006A38D5 /* Release */,
			);
			defaultConfigurationIsVisible = 0;
			defaultConfigurationName = Release;
		};
		7BEFAD75298D441D006A38D5 /* Build configuration list for PBXNativeTarget "AFP_ASO_Solidaire" */ = {
			isa = XCConfigurationList;
			buildConfigurations = (
				7BEFAD76298D441D006A38D5 /* Debug */,
				7BEFAD77298D441D006A38D5 /* Release */,
			);
			defaultConfigurationIsVisible = 0;
			defaultConfigurationName = Release;
		};
/* End XCConfigurationList section */
	};
	rootObject = 7BEFAD5F298D441C006A38D5 /* Project object */;
}
